// !$*UTF8*$!
{
	archiveVersion = 1;
	classes = {
	};
	objectVersion = 55;
	objects = {

/* Begin PBXBuildFile section */
		1A0BAA4228FFBAFD00F3D47C /* APIManager.swift in Sources */ = {isa = PBXBuildFile; fileRef = 1A0BAA4128FFBAFD00F3D47C /* APIManager.swift */; };
		1A0BAA4428FFC45300F3D47C /* Movie.swift in Sources */ = {isa = PBXBuildFile; fileRef = 1A0BAA4328FFC45300F3D47C /* Movie.swift */; };
		1A0BAA4628FFF15B00F3D47C /* CardCollectionViewCell.swift in Sources */ = {isa = PBXBuildFile; fileRef = 1A0BAA4528FFF15B00F3D47C /* CardCollectionViewCell.swift */; };
		1A5D31D828FD09BE00BE72D7 /* AppDelegate.swift in Sources */ = {isa = PBXBuildFile; fileRef = 1A5D31D728FD09BE00BE72D7 /* AppDelegate.swift */; };
		1A5D31DA28FD09BE00BE72D7 /* SceneDelegate.swift in Sources */ = {isa = PBXBuildFile; fileRef = 1A5D31D928FD09BE00BE72D7 /* SceneDelegate.swift */; };
		1A5D31DC28FD09BE00BE72D7 /* MainTabBarViewController.swift in Sources */ = {isa = PBXBuildFile; fileRef = 1A5D31DB28FD09BE00BE72D7 /* MainTabBarViewController.swift */; };
		1A5D31E128FD09C100BE72D7 /* Assets.xcassets in Resources */ = {isa = PBXBuildFile; fileRef = 1A5D31E028FD09C100BE72D7 /* Assets.xcassets */; };
		1A5D31E428FD09C100BE72D7 /* LaunchScreen.storyboard in Resources */ = {isa = PBXBuildFile; fileRef = 1A5D31E228FD09C100BE72D7 /* LaunchScreen.storyboard */; };
		1A5D31EF28FD09C100BE72D7 /* nexflix_cloneTests.swift in Sources */ = {isa = PBXBuildFile; fileRef = 1A5D31EE28FD09C100BE72D7 /* nexflix_cloneTests.swift */; };
		1A5D31F928FD09C200BE72D7 /* nexflix_cloneUITests.swift in Sources */ = {isa = PBXBuildFile; fileRef = 1A5D31F828FD09C200BE72D7 /* nexflix_cloneUITests.swift */; };
		1A5D31FB28FD09C200BE72D7 /* nexflix_cloneUITestsLaunchTests.swift in Sources */ = {isa = PBXBuildFile; fileRef = 1A5D31FA28FD09C200BE72D7 /* nexflix_cloneUITestsLaunchTests.swift */; };
		1A5D320928FD0DA000BE72D7 /* HomeViewController.swift in Sources */ = {isa = PBXBuildFile; fileRef = 1A5D320828FD0DA000BE72D7 /* HomeViewController.swift */; };
		1A5D320B28FD0DF500BE72D7 /* UpcommingViewController.swift in Sources */ = {isa = PBXBuildFile; fileRef = 1A5D320A28FD0DF500BE72D7 /* UpcommingViewController.swift */; };
		1A5D320D28FD0E1900BE72D7 /* SearchViewController.swift in Sources */ = {isa = PBXBuildFile; fileRef = 1A5D320C28FD0E1900BE72D7 /* SearchViewController.swift */; };
		1A5D320F28FD0E5900BE72D7 /* DownloadViewController.swift in Sources */ = {isa = PBXBuildFile; fileRef = 1A5D320E28FD0E5900BE72D7 /* DownloadViewController.swift */; };
		1A5D321628FD1B1B00BE72D7 /* CollectionViewTableViewCell.swift in Sources */ = {isa = PBXBuildFile; fileRef = 1A5D321528FD1B1B00BE72D7 /* CollectionViewTableViewCell.swift */; };
		1A5D321828FD2A3B00BE72D7 /* HeaderUIView.swift in Sources */ = {isa = PBXBuildFile; fileRef = 1A5D321728FD2A3B00BE72D7 /* HeaderUIView.swift */; };
		1A5D321A28FD2FAC00BE72D7 /* Extension.swift in Sources */ = {isa = PBXBuildFile; fileRef = 1A5D321928FD2FAC00BE72D7 /* Extension.swift */; };
		75F44D33F84135310CFD5E99 /* Pods_nexflix_cloneTests.framework in Frameworks */ = {isa = PBXBuildFile; fileRef = E89B71249FD393A4010A46EA /* Pods_nexflix_cloneTests.framework */; };
		BC5859F6847C3548D9179386 /* Pods_nexflix_clone_nexflix_cloneUITests.framework in Frameworks */ = {isa = PBXBuildFile; fileRef = DA3E2BA5F0D1E38F770E8308 /* Pods_nexflix_clone_nexflix_cloneUITests.framework */; };
		DDE0DC0D2E1287A43BEF1ACE /* Pods_nexflix_clone.framework in Frameworks */ = {isa = PBXBuildFile; fileRef = C7DDC6F3AFA26408FB61AE3F /* Pods_nexflix_clone.framework */; };
/* End PBXBuildFile section */

/* Begin PBXContainerItemProxy section */
		1A5D31EB28FD09C100BE72D7 /* PBXContainerItemProxy */ = {
			isa = PBXContainerItemProxy;
			containerPortal = 1A5D31CC28FD09BE00BE72D7 /* Project object */;
			proxyType = 1;
			remoteGlobalIDString = 1A5D31D328FD09BE00BE72D7;
			remoteInfo = "nexflix-clone";
		};
		1A5D31F528FD09C200BE72D7 /* PBXContainerItemProxy */ = {
			isa = PBXContainerItemProxy;
			containerPortal = 1A5D31CC28FD09BE00BE72D7 /* Project object */;
			proxyType = 1;
			remoteGlobalIDString = 1A5D31D328FD09BE00BE72D7;
			remoteInfo = "nexflix-clone";
		};
/* End PBXContainerItemProxy section */

/* Begin PBXFileReference section */
		1A0BAA4128FFBAFD00F3D47C /* APIManager.swift */ = {isa = PBXFileReference; lastKnownFileType = sourcecode.swift; path = APIManager.swift; sourceTree = "<group>"; };
		1A0BAA4328FFC45300F3D47C /* Movie.swift */ = {isa = PBXFileReference; lastKnownFileType = sourcecode.swift; path = Movie.swift; sourceTree = "<group>"; };
		1A0BAA4528FFF15B00F3D47C /* CardCollectionViewCell.swift */ = {isa = PBXFileReference; lastKnownFileType = sourcecode.swift; path = CardCollectionViewCell.swift; sourceTree = "<group>"; };
		1A5D31D428FD09BE00BE72D7 /* nexflix-clone.app */ = {isa = PBXFileReference; explicitFileType = wrapper.application; includeInIndex = 0; path = "nexflix-clone.app"; sourceTree = BUILT_PRODUCTS_DIR; };
		1A5D31D728FD09BE00BE72D7 /* AppDelegate.swift */ = {isa = PBXFileReference; lastKnownFileType = sourcecode.swift; path = AppDelegate.swift; sourceTree = "<group>"; };
		1A5D31D928FD09BE00BE72D7 /* SceneDelegate.swift */ = {isa = PBXFileReference; lastKnownFileType = sourcecode.swift; path = SceneDelegate.swift; sourceTree = "<group>"; };
		1A5D31DB28FD09BE00BE72D7 /* MainTabBarViewController.swift */ = {isa = PBXFileReference; lastKnownFileType = sourcecode.swift; path = MainTabBarViewController.swift; sourceTree = "<group>"; };
		1A5D31E028FD09C100BE72D7 /* Assets.xcassets */ = {isa = PBXFileReference; lastKnownFileType = folder.assetcatalog; path = Assets.xcassets; sourceTree = "<group>"; };
		1A5D31E328FD09C100BE72D7 /* Base */ = {isa = PBXFileReference; lastKnownFileType = file.storyboard; name = Base; path = Base.lproj/LaunchScreen.storyboard; sourceTree = "<group>"; };
		1A5D31E528FD09C100BE72D7 /* Info.plist */ = {isa = PBXFileReference; lastKnownFileType = text.plist.xml; path = Info.plist; sourceTree = "<group>"; };
		1A5D31EA28FD09C100BE72D7 /* nexflix-cloneTests.xctest */ = {isa = PBXFileReference; explicitFileType = wrapper.cfbundle; includeInIndex = 0; path = "nexflix-cloneTests.xctest"; sourceTree = BUILT_PRODUCTS_DIR; };
		1A5D31EE28FD09C100BE72D7 /* nexflix_cloneTests.swift */ = {isa = PBXFileReference; lastKnownFileType = sourcecode.swift; path = nexflix_cloneTests.swift; sourceTree = "<group>"; };
		1A5D31F428FD09C200BE72D7 /* nexflix-cloneUITests.xctest */ = {isa = PBXFileReference; explicitFileType = wrapper.cfbundle; includeInIndex = 0; path = "nexflix-cloneUITests.xctest"; sourceTree = BUILT_PRODUCTS_DIR; };
		1A5D31F828FD09C200BE72D7 /* nexflix_cloneUITests.swift */ = {isa = PBXFileReference; lastKnownFileType = sourcecode.swift; path = nexflix_cloneUITests.swift; sourceTree = "<group>"; };
		1A5D31FA28FD09C200BE72D7 /* nexflix_cloneUITestsLaunchTests.swift */ = {isa = PBXFileReference; lastKnownFileType = sourcecode.swift; path = nexflix_cloneUITestsLaunchTests.swift; sourceTree = "<group>"; };
		1A5D320828FD0DA000BE72D7 /* HomeViewController.swift */ = {isa = PBXFileReference; lastKnownFileType = sourcecode.swift; path = HomeViewController.swift; sourceTree = "<group>"; };
		1A5D320A28FD0DF500BE72D7 /* UpcommingViewController.swift */ = {isa = PBXFileReference; lastKnownFileType = sourcecode.swift; path = UpcommingViewController.swift; sourceTree = "<group>"; };
		1A5D320C28FD0E1900BE72D7 /* SearchViewController.swift */ = {isa = PBXFileReference; lastKnownFileType = sourcecode.swift; path = SearchViewController.swift; sourceTree = "<group>"; };
		1A5D320E28FD0E5900BE72D7 /* DownloadViewController.swift */ = {isa = PBXFileReference; lastKnownFileType = sourcecode.swift; path = DownloadViewController.swift; sourceTree = "<group>"; };
		1A5D321528FD1B1B00BE72D7 /* CollectionViewTableViewCell.swift */ = {isa = PBXFileReference; indentWidth = 4; lastKnownFileType = sourcecode.swift; path = CollectionViewTableViewCell.swift; sourceTree = "<group>"; };
		1A5D321728FD2A3B00BE72D7 /* HeaderUIView.swift */ = {isa = PBXFileReference; lastKnownFileType = sourcecode.swift; path = HeaderUIView.swift; sourceTree = "<group>"; };
		1A5D321928FD2FAC00BE72D7 /* Extension.swift */ = {isa = PBXFileReference; lastKnownFileType = sourcecode.swift; path = Extension.swift; sourceTree = "<group>"; };
		8C8CED24429C7F77A1DC1D8B /* Pods-nexflix-clone.debug.xcconfig */ = {isa = PBXFileReference; includeInIndex = 1; lastKnownFileType = text.xcconfig; name = "Pods-nexflix-clone.debug.xcconfig"; path = "Target Support Files/Pods-nexflix-clone/Pods-nexflix-clone.debug.xcconfig"; sourceTree = "<group>"; };
		B923E2D063691F2F1F4F2EDA /* Pods-nexflix-clone.release.xcconfig */ = {isa = PBXFileReference; includeInIndex = 1; lastKnownFileType = text.xcconfig; name = "Pods-nexflix-clone.release.xcconfig"; path = "Target Support Files/Pods-nexflix-clone/Pods-nexflix-clone.release.xcconfig"; sourceTree = "<group>"; };
		C7DDC6F3AFA26408FB61AE3F /* Pods_nexflix_clone.framework */ = {isa = PBXFileReference; explicitFileType = wrapper.framework; includeInIndex = 0; path = Pods_nexflix_clone.framework; sourceTree = BUILT_PRODUCTS_DIR; };
		D8C1CC86ACA157249FFA5F35 /* Pods-nexflix-cloneTests.release.xcconfig */ = {isa = PBXFileReference; includeInIndex = 1; lastKnownFileType = text.xcconfig; name = "Pods-nexflix-cloneTests.release.xcconfig"; path = "Target Support Files/Pods-nexflix-cloneTests/Pods-nexflix-cloneTests.release.xcconfig"; sourceTree = "<group>"; };
		DA3E2BA5F0D1E38F770E8308 /* Pods_nexflix_clone_nexflix_cloneUITests.framework */ = {isa = PBXFileReference; explicitFileType = wrapper.framework; includeInIndex = 0; path = Pods_nexflix_clone_nexflix_cloneUITests.framework; sourceTree = BUILT_PRODUCTS_DIR; };
		E615D7D9F715B4F79583B5AB /* Pods-nexflix-clone-nexflix-cloneUITests.debug.xcconfig */ = {isa = PBXFileReference; includeInIndex = 1; lastKnownFileType = text.xcconfig; name = "Pods-nexflix-clone-nexflix-cloneUITests.debug.xcconfig"; path = "Target Support Files/Pods-nexflix-clone-nexflix-cloneUITests/Pods-nexflix-clone-nexflix-cloneUITests.debug.xcconfig"; sourceTree = "<group>"; };
		E89B71249FD393A4010A46EA /* Pods_nexflix_cloneTests.framework */ = {isa = PBXFileReference; explicitFileType = wrapper.framework; includeInIndex = 0; path = Pods_nexflix_cloneTests.framework; sourceTree = BUILT_PRODUCTS_DIR; };
		F476509FBDA6DE29A8CBA361 /* Pods-nexflix-cloneTests.debug.xcconfig */ = {isa = PBXFileReference; includeInIndex = 1; lastKnownFileType = text.xcconfig; name = "Pods-nexflix-cloneTests.debug.xcconfig"; path = "Target Support Files/Pods-nexflix-cloneTests/Pods-nexflix-cloneTests.debug.xcconfig"; sourceTree = "<group>"; };
		F580C61BD5DC4804C06A0579 /* Pods-nexflix-clone-nexflix-cloneUITests.release.xcconfig */ = {isa = PBXFileReference; includeInIndex = 1; lastKnownFileType = text.xcconfig; name = "Pods-nexflix-clone-nexflix-cloneUITests.release.xcconfig"; path = "Target Support Files/Pods-nexflix-clone-nexflix-cloneUITests/Pods-nexflix-clone-nexflix-cloneUITests.release.xcconfig"; sourceTree = "<group>"; };
/* End PBXFileReference section */

/* Begin PBXFrameworksBuildPhase section */
		1A5D31D128FD09BE00BE72D7 /* Frameworks */ = {
			isa = PBXFrameworksBuildPhase;
			buildActionMask = 2147483647;
			files = (
				DDE0DC0D2E1287A43BEF1ACE /* Pods_nexflix_clone.framework in Frameworks */,
			);
			runOnlyForDeploymentPostprocessing = 0;
		};
		1A5D31E728FD09C100BE72D7 /* Frameworks */ = {
			isa = PBXFrameworksBuildPhase;
			buildActionMask = 2147483647;
			files = (
				75F44D33F84135310CFD5E99 /* Pods_nexflix_cloneTests.framework in Frameworks */,
			);
			runOnlyForDeploymentPostprocessing = 0;
		};
		1A5D31F128FD09C200BE72D7 /* Frameworks */ = {
			isa = PBXFrameworksBuildPhase;
			buildActionMask = 2147483647;
			files = (
				BC5859F6847C3548D9179386 /* Pods_nexflix_clone_nexflix_cloneUITests.framework in Frameworks */,
			);
			runOnlyForDeploymentPostprocessing = 0;
		};
/* End PBXFrameworksBuildPhase section */

/* Begin PBXGroup section */
		1A5D31CB28FD09BE00BE72D7 = {
			isa = PBXGroup;
			children = (
				1A5D31D628FD09BE00BE72D7 /* nexflix-clone */,
				1A5D31ED28FD09C100BE72D7 /* nexflix-cloneTests */,
				1A5D31F728FD09C200BE72D7 /* nexflix-cloneUITests */,
				1A5D31D528FD09BE00BE72D7 /* Products */,
				F01E869BC94FF68C31C189AD /* Pods */,
				AEBE3DB32DB54751B272ADAD /* Frameworks */,
			);
			sourceTree = "<group>";
		};
		1A5D31D528FD09BE00BE72D7 /* Products */ = {
			isa = PBXGroup;
			children = (
				1A5D31D428FD09BE00BE72D7 /* nexflix-clone.app */,
				1A5D31EA28FD09C100BE72D7 /* nexflix-cloneTests.xctest */,
				1A5D31F428FD09C200BE72D7 /* nexflix-cloneUITests.xctest */,
			);
			name = Products;
			sourceTree = "<group>";
		};
		1A5D31D628FD09BE00BE72D7 /* nexflix-clone */ = {
			isa = PBXGroup;
			children = (
				1A5D321428FD1AEC00BE72D7 /* Managers */,
				1A5D321328FD1ADD00BE72D7 /* Resources */,
				1A5D321228FD1AC600BE72D7 /* Views */,
				1A5D321128FD1ABA00BE72D7 /* ViewModels */,
				1A5D321028FD1AA400BE72D7 /* Models */,
				1A5D320728FD0D8300BE72D7 /* Controllers */,
				1A5D31D728FD09BE00BE72D7 /* AppDelegate.swift */,
				1A5D31D928FD09BE00BE72D7 /* SceneDelegate.swift */,
				1A5D31DB28FD09BE00BE72D7 /* MainTabBarViewController.swift */,
				1A5D31E028FD09C100BE72D7 /* Assets.xcassets */,
				1A5D31E228FD09C100BE72D7 /* LaunchScreen.storyboard */,
				1A5D31E528FD09C100BE72D7 /* Info.plist */,
				1A5D321928FD2FAC00BE72D7 /* Extension.swift */,
			);
			path = "nexflix-clone";
			sourceTree = "<group>";
		};
		1A5D31ED28FD09C100BE72D7 /* nexflix-cloneTests */ = {
			isa = PBXGroup;
			children = (
				1A5D31EE28FD09C100BE72D7 /* nexflix_cloneTests.swift */,
			);
			path = "nexflix-cloneTests";
			sourceTree = "<group>";
		};
		1A5D31F728FD09C200BE72D7 /* nexflix-cloneUITests */ = {
			isa = PBXGroup;
			children = (
				1A5D31F828FD09C200BE72D7 /* nexflix_cloneUITests.swift */,
				1A5D31FA28FD09C200BE72D7 /* nexflix_cloneUITestsLaunchTests.swift */,
			);
			path = "nexflix-cloneUITests";
			sourceTree = "<group>";
		};
		1A5D320728FD0D8300BE72D7 /* Controllers */ = {
			isa = PBXGroup;
			children = (
				1A5D320828FD0DA000BE72D7 /* HomeViewController.swift */,
				1A5D320A28FD0DF500BE72D7 /* UpcommingViewController.swift */,
				1A5D320C28FD0E1900BE72D7 /* SearchViewController.swift */,
				1A5D320E28FD0E5900BE72D7 /* DownloadViewController.swift */,
			);
			path = Controllers;
			sourceTree = "<group>";
		};
		1A5D321028FD1AA400BE72D7 /* Models */ = {
			isa = PBXGroup;
			children = (
				1A0BAA4328FFC45300F3D47C /* Movie.swift */,
			);
			path = Models;
			sourceTree = "<group>";
		};
		1A5D321128FD1ABA00BE72D7 /* ViewModels */ = {
			isa = PBXGroup;
			children = (
			);
			path = ViewModels;
			sourceTree = "<group>";
		};
		1A5D321228FD1AC600BE72D7 /* Views */ = {
			isa = PBXGroup;
			children = (
				1A5D321528FD1B1B00BE72D7 /* CollectionViewTableViewCell.swift */,
				1A5D321728FD2A3B00BE72D7 /* HeaderUIView.swift */,
				1A0BAA4528FFF15B00F3D47C /* CardCollectionViewCell.swift */,
			);
			path = Views;
			sourceTree = "<group>";
		};
		1A5D321328FD1ADD00BE72D7 /* Resources */ = {
			isa = PBXGroup;
			children = (
			);
			path = Resources;
			sourceTree = "<group>";
		};
		1A5D321428FD1AEC00BE72D7 /* Managers */ = {
			isa = PBXGroup;
			children = (
				1A0BAA4128FFBAFD00F3D47C /* APIManager.swift */,
			);
			path = Managers;
			sourceTree = "<group>";
		};
		AEBE3DB32DB54751B272ADAD /* Frameworks */ = {
			isa = PBXGroup;
			children = (
				C7DDC6F3AFA26408FB61AE3F /* Pods_nexflix_clone.framework */,
				DA3E2BA5F0D1E38F770E8308 /* Pods_nexflix_clone_nexflix_cloneUITests.framework */,
				E89B71249FD393A4010A46EA /* Pods_nexflix_cloneTests.framework */,
			);
			name = Frameworks;
			sourceTree = "<group>";
		};
		F01E869BC94FF68C31C189AD /* Pods */ = {
			isa = PBXGroup;
			children = (
				8C8CED24429C7F77A1DC1D8B /* Pods-nexflix-clone.debug.xcconfig */,
				B923E2D063691F2F1F4F2EDA /* Pods-nexflix-clone.release.xcconfig */,
				E615D7D9F715B4F79583B5AB /* Pods-nexflix-clone-nexflix-cloneUITests.debug.xcconfig */,
				F580C61BD5DC4804C06A0579 /* Pods-nexflix-clone-nexflix-cloneUITests.release.xcconfig */,
				F476509FBDA6DE29A8CBA361 /* Pods-nexflix-cloneTests.debug.xcconfig */,
				D8C1CC86ACA157249FFA5F35 /* Pods-nexflix-cloneTests.release.xcconfig */,
			);
			path = Pods;
			sourceTree = "<group>";
		};
/* End PBXGroup section */

/* Begin PBXNativeTarget section */
		1A5D31D328FD09BE00BE72D7 /* nexflix-clone */ = {
			isa = PBXNativeTarget;
			buildConfigurationList = 1A5D31FE28FD09C200BE72D7 /* Build configuration list for PBXNativeTarget "nexflix-clone" */;
			buildPhases = (
				62241E59BFC34DE6AA68551E /* [CP] Check Pods Manifest.lock */,
				1A5D31D028FD09BE00BE72D7 /* Sources */,
				1A5D31D128FD09BE00BE72D7 /* Frameworks */,
				1A5D31D228FD09BE00BE72D7 /* Resources */,
				C08A0D24289D63BF7D64DB34 /* [CP] Embed Pods Frameworks */,
			);
			buildRules = (
			);
			dependencies = (
			);
			name = "nexflix-clone";
			productName = "nexflix-clone";
			productReference = 1A5D31D428FD09BE00BE72D7 /* nexflix-clone.app */;
			productType = "com.apple.product-type.application";
		};
		1A5D31E928FD09C100BE72D7 /* nexflix-cloneTests */ = {
			isa = PBXNativeTarget;
			buildConfigurationList = 1A5D320128FD09C200BE72D7 /* Build configuration list for PBXNativeTarget "nexflix-cloneTests" */;
			buildPhases = (
				B805BED46166311AB9A5D80F /* [CP] Check Pods Manifest.lock */,
				1A5D31E628FD09C100BE72D7 /* Sources */,
				1A5D31E728FD09C100BE72D7 /* Frameworks */,
				1A5D31E828FD09C100BE72D7 /* Resources */,
			);
			buildRules = (
			);
			dependencies = (
				1A5D31EC28FD09C100BE72D7 /* PBXTargetDependency */,
			);
			name = "nexflix-cloneTests";
			productName = "nexflix-cloneTests";
			productReference = 1A5D31EA28FD09C100BE72D7 /* nexflix-cloneTests.xctest */;
			productType = "com.apple.product-type.bundle.unit-test";
		};
		1A5D31F328FD09C200BE72D7 /* nexflix-cloneUITests */ = {
			isa = PBXNativeTarget;
			buildConfigurationList = 1A5D320428FD09C200BE72D7 /* Build configuration list for PBXNativeTarget "nexflix-cloneUITests" */;
			buildPhases = (
				BA303024694A65B0F3AE36FC /* [CP] Check Pods Manifest.lock */,
				1A5D31F028FD09C200BE72D7 /* Sources */,
				1A5D31F128FD09C200BE72D7 /* Frameworks */,
				1A5D31F228FD09C200BE72D7 /* Resources */,
				B3668563888B6FCF79A28B9A /* [CP] Embed Pods Frameworks */,
			);
			buildRules = (
			);
			dependencies = (
				1A5D31F628FD09C200BE72D7 /* PBXTargetDependency */,
			);
			name = "nexflix-cloneUITests";
			productName = "nexflix-cloneUITests";
			productReference = 1A5D31F428FD09C200BE72D7 /* nexflix-cloneUITests.xctest */;
			productType = "com.apple.product-type.bundle.ui-testing";
		};
/* End PBXNativeTarget section */

/* Begin PBXProject section */
		1A5D31CC28FD09BE00BE72D7 /* Project object */ = {
			isa = PBXProject;
			attributes = {
				BuildIndependentTargetsInParallel = 1;
				LastSwiftUpdateCheck = 1340;
				LastUpgradeCheck = 1340;
				TargetAttributes = {
					1A5D31D328FD09BE00BE72D7 = {
						CreatedOnToolsVersion = 13.4.1;
					};
					1A5D31E928FD09C100BE72D7 = {
						CreatedOnToolsVersion = 13.4.1;
						TestTargetID = 1A5D31D328FD09BE00BE72D7;
					};
					1A5D31F328FD09C200BE72D7 = {
						CreatedOnToolsVersion = 13.4.1;
						TestTargetID = 1A5D31D328FD09BE00BE72D7;
					};
				};
			};
			buildConfigurationList = 1A5D31CF28FD09BE00BE72D7 /* Build configuration list for PBXProject "nexflix-clone" */;
			compatibilityVersion = "Xcode 13.0";
			developmentRegion = en;
			hasScannedForEncodings = 0;
			knownRegions = (
				en,
				Base,
			);
			mainGroup = 1A5D31CB28FD09BE00BE72D7;
			productRefGroup = 1A5D31D528FD09BE00BE72D7 /* Products */;
			projectDirPath = "";
			projectRoot = "";
			targets = (
				1A5D31D328FD09BE00BE72D7 /* nexflix-clone */,
				1A5D31E928FD09C100BE72D7 /* nexflix-cloneTests */,
				1A5D31F328FD09C200BE72D7 /* nexflix-cloneUITests */,
			);
		};
/* End PBXProject section */

/* Begin PBXResourcesBuildPhase section */
		1A5D31D228FD09BE00BE72D7 /* Resources */ = {
			isa = PBXResourcesBuildPhase;
			buildActionMask = 2147483647;
			files = (
				1A5D31E428FD09C100BE72D7 /* LaunchScreen.storyboard in Resources */,
				1A5D31E128FD09C100BE72D7 /* Assets.xcassets in Resources */,
			);
			runOnlyForDeploymentPostprocessing = 0;
		};
		1A5D31E828FD09C100BE72D7 /* Resources */ = {
			isa = PBXResourcesBuildPhase;
			buildActionMask = 2147483647;
			files = (
			);
			runOnlyForDeploymentPostprocessing = 0;
		};
		1A5D31F228FD09C200BE72D7 /* Resources */ = {
			isa = PBXResourcesBuildPhase;
			buildActionMask = 2147483647;
			files = (
			);
			runOnlyForDeploymentPostprocessing = 0;
		};
/* End PBXResourcesBuildPhase section */

/* Begin PBXShellScriptBuildPhase section */
		62241E59BFC34DE6AA68551E /* [CP] Check Pods Manifest.lock */ = {
			isa = PBXShellScriptBuildPhase;
			buildActionMask = 2147483647;
			files = (
			);
			inputFileListPaths = (
			);
			inputPaths = (
				"${PODS_PODFILE_DIR_PATH}/Podfile.lock",
				"${PODS_ROOT}/Manifest.lock",
			);
			name = "[CP] Check Pods Manifest.lock";
			outputFileListPaths = (
			);
			outputPaths = (
				"$(DERIVED_FILE_DIR)/Pods-nexflix-clone-checkManifestLockResult.txt",
			);
			runOnlyForDeploymentPostprocessing = 0;
			shellPath = /bin/sh;
			shellScript = "diff \"${PODS_PODFILE_DIR_PATH}/Podfile.lock\" \"${PODS_ROOT}/Manifest.lock\" > /dev/null\nif [ $? != 0 ] ; then\n    # print error to STDERR\n    echo \"error: The sandbox is not in sync with the Podfile.lock. Run 'pod install' or update your CocoaPods installation.\" >&2\n    exit 1\nfi\n# This output is used by Xcode 'outputs' to avoid re-running this script phase.\necho \"SUCCESS\" > \"${SCRIPT_OUTPUT_FILE_0}\"\n";
			showEnvVarsInLog = 0;
		};
		B3668563888B6FCF79A28B9A /* [CP] Embed Pods Frameworks */ = {
			isa = PBXShellScriptBuildPhase;
			buildActionMask = 2147483647;
			files = (
			);
			inputFileListPaths = (
				"${PODS_ROOT}/Target Support Files/Pods-nexflix-clone-nexflix-cloneUITests/Pods-nexflix-clone-nexflix-cloneUITests-frameworks-${CONFIGURATION}-input-files.xcfilelist",
			);
			name = "[CP] Embed Pods Frameworks";
			outputFileListPaths = (
				"${PODS_ROOT}/Target Support Files/Pods-nexflix-clone-nexflix-cloneUITests/Pods-nexflix-clone-nexflix-cloneUITests-frameworks-${CONFIGURATION}-output-files.xcfilelist",
			);
			runOnlyForDeploymentPostprocessing = 0;
			shellPath = /bin/sh;
			shellScript = "\"${PODS_ROOT}/Target Support Files/Pods-nexflix-clone-nexflix-cloneUITests/Pods-nexflix-clone-nexflix-cloneUITests-frameworks.sh\"\n";
			showEnvVarsInLog = 0;
		};
		B805BED46166311AB9A5D80F /* [CP] Check Pods Manifest.lock */ = {
			isa = PBXShellScriptBuildPhase;
			buildActionMask = 2147483647;
			files = (
			);
			inputFileListPaths = (
			);
			inputPaths = (
				"${PODS_PODFILE_DIR_PATH}/Podfile.lock",
				"${PODS_ROOT}/Manifest.lock",
			);
			name = "[CP] Check Pods Manifest.lock";
			outputFileListPaths = (
			);
			outputPaths = (
				"$(DERIVED_FILE_DIR)/Pods-nexflix-cloneTests-checkManifestLockResult.txt",
			);
			runOnlyForDeploymentPostprocessing = 0;
			shellPath = /bin/sh;
			shellScript = "diff \"${PODS_PODFILE_DIR_PATH}/Podfile.lock\" \"${PODS_ROOT}/Manifest.lock\" > /dev/null\nif [ $? != 0 ] ; then\n    # print error to STDERR\n    echo \"error: The sandbox is not in sync with the Podfile.lock. Run 'pod install' or update your CocoaPods installation.\" >&2\n    exit 1\nfi\n# This output is used by Xcode 'outputs' to avoid re-running this script phase.\necho \"SUCCESS\" > \"${SCRIPT_OUTPUT_FILE_0}\"\n";
			showEnvVarsInLog = 0;
		};
		BA303024694A65B0F3AE36FC /* [CP] Check Pods Manifest.lock */ = {
			isa = PBXShellScriptBuildPhase;
			buildActionMask = 2147483647;
			files = (
			);
			inputFileListPaths = (
			);
			inputPaths = (
				"${PODS_PODFILE_DIR_PATH}/Podfile.lock",
				"${PODS_ROOT}/Manifest.lock",
			);
			name = "[CP] Check Pods Manifest.lock";
			outputFileListPaths = (
			);
			outputPaths = (
				"$(DERIVED_FILE_DIR)/Pods-nexflix-clone-nexflix-cloneUITests-checkManifestLockResult.txt",
			);
			runOnlyForDeploymentPostprocessing = 0;
			shellPath = /bin/sh;
			shellScript = "diff \"${PODS_PODFILE_DIR_PATH}/Podfile.lock\" \"${PODS_ROOT}/Manifest.lock\" > /dev/null\nif [ $? != 0 ] ; then\n    # print error to STDERR\n    echo \"error: The sandbox is not in sync with the Podfile.lock. Run 'pod install' or update your CocoaPods installation.\" >&2\n    exit 1\nfi\n# This output is used by Xcode 'outputs' to avoid re-running this script phase.\necho \"SUCCESS\" > \"${SCRIPT_OUTPUT_FILE_0}\"\n";
			showEnvVarsInLog = 0;
		};
		C08A0D24289D63BF7D64DB34 /* [CP] Embed Pods Frameworks */ = {
			isa = PBXShellScriptBuildPhase;
			buildActionMask = 2147483647;
			files = (
			);
			inputFileListPaths = (
				"${PODS_ROOT}/Target Support Files/Pods-nexflix-clone/Pods-nexflix-clone-frameworks-${CONFIGURATION}-input-files.xcfilelist",
			);
			name = "[CP] Embed Pods Frameworks";
			outputFileListPaths = (
				"${PODS_ROOT}/Target Support Files/Pods-nexflix-clone/Pods-nexflix-clone-frameworks-${CONFIGURATION}-output-files.xcfilelist",
			);
			runOnlyForDeploymentPostprocessing = 0;
			shellPath = /bin/sh;
			shellScript = "\"${PODS_ROOT}/Target Support Files/Pods-nexflix-clone/Pods-nexflix-clone-frameworks.sh\"\n";
			showEnvVarsInLog = 0;
		};
/* End PBXShellScriptBuildPhase section */

/* Begin PBXSourcesBuildPhase section */
		1A5D31D028FD09BE00BE72D7 /* Sources */ = {
			isa = PBXSourcesBuildPhase;
			buildActionMask = 2147483647;
			files = (
				1A5D320D28FD0E1900BE72D7 /* SearchViewController.swift in Sources */,
				1A5D31DC28FD09BE00BE72D7 /* MainTabBarViewController.swift in Sources */,
				1A0BAA4428FFC45300F3D47C /* Movie.swift in Sources */,
				1A5D321628FD1B1B00BE72D7 /* CollectionViewTableViewCell.swift in Sources */,
				1A5D321828FD2A3B00BE72D7 /* HeaderUIView.swift in Sources */,
				1A0BAA4228FFBAFD00F3D47C /* APIManager.swift in Sources */,
				1A5D31D828FD09BE00BE72D7 /* AppDelegate.swift in Sources */,
				1A0BAA4628FFF15B00F3D47C /* CardCollectionViewCell.swift in Sources */,
				1A5D321A28FD2FAC00BE72D7 /* Extension.swift in Sources */,
				1A5D320F28FD0E5900BE72D7 /* DownloadViewController.swift in Sources */,
				1A5D320B28FD0DF500BE72D7 /* UpcommingViewController.swift in Sources */,
				1A5D31DA28FD09BE00BE72D7 /* SceneDelegate.swift in Sources */,
				1A5D320928FD0DA000BE72D7 /* HomeViewController.swift in Sources */,
			);
			runOnlyForDeploymentPostprocessing = 0;
		};
		1A5D31E628FD09C100BE72D7 /* Sources */ = {
			isa = PBXSourcesBuildPhase;
			buildActionMask = 2147483647;
			files = (
				1A5D31EF28FD09C100BE72D7 /* nexflix_cloneTests.swift in Sources */,
			);
			runOnlyForDeploymentPostprocessing = 0;
		};
		1A5D31F028FD09C200BE72D7 /* Sources */ = {
			isa = PBXSourcesBuildPhase;
			buildActionMask = 2147483647;
			files = (
				1A5D31F928FD09C200BE72D7 /* nexflix_cloneUITests.swift in Sources */,
				1A5D31FB28FD09C200BE72D7 /* nexflix_cloneUITestsLaunchTests.swift in Sources */,
			);
			runOnlyForDeploymentPostprocessing = 0;
		};
/* End PBXSourcesBuildPhase section */

/* Begin PBXTargetDependency section */
		1A5D31EC28FD09C100BE72D7 /* PBXTargetDependency */ = {
			isa = PBXTargetDependency;
			target = 1A5D31D328FD09BE00BE72D7 /* nexflix-clone */;
			targetProxy = 1A5D31EB28FD09C100BE72D7 /* PBXContainerItemProxy */;
		};
		1A5D31F628FD09C200BE72D7 /* PBXTargetDependency */ = {
			isa = PBXTargetDependency;
			target = 1A5D31D328FD09BE00BE72D7 /* nexflix-clone */;
			targetProxy = 1A5D31F528FD09C200BE72D7 /* PBXContainerItemProxy */;
		};
/* End PBXTargetDependency section */

/* Begin PBXVariantGroup section */
		1A5D31E228FD09C100BE72D7 /* LaunchScreen.storyboard */ = {
			isa = PBXVariantGroup;
			children = (
				1A5D31E328FD09C100BE72D7 /* Base */,
			);
			name = LaunchScreen.storyboard;
			sourceTree = "<group>";
		};
/* End PBXVariantGroup section */

/* Begin XCBuildConfiguration section */
		1A5D31FC28FD09C200BE72D7 /* Debug */ = {
			isa = XCBuildConfiguration;
			buildSettings = {
				ALWAYS_SEARCH_USER_PATHS = NO;
				CLANG_ANALYZER_NONNULL = YES;
				CLANG_ANALYZER_NUMBER_OBJECT_CONVERSION = YES_AGGRESSIVE;
				CLANG_CXX_LANGUAGE_STANDARD = "gnu++17";
				CLANG_ENABLE_MODULES = YES;
				CLANG_ENABLE_OBJC_ARC = YES;
				CLANG_ENABLE_OBJC_WEAK = YES;
				CLANG_WARN_BLOCK_CAPTURE_AUTORELEASING = YES;
				CLANG_WARN_BOOL_CONVERSION = YES;
				CLANG_WARN_COMMA = YES;
				CLANG_WARN_CONSTANT_CONVERSION = YES;
				CLANG_WARN_DEPRECATED_OBJC_IMPLEMENTATIONS = YES;
				CLANG_WARN_DIRECT_OBJC_ISA_USAGE = YES_ERROR;
				CLANG_WARN_DOCUMENTATION_COMMENTS = YES;
				CLANG_WARN_EMPTY_BODY = YES;
				CLANG_WARN_ENUM_CONVERSION = YES;
				CLANG_WARN_INFINITE_RECURSION = YES;
				CLANG_WARN_INT_CONVERSION = YES;
				CLANG_WARN_NON_LITERAL_NULL_CONVERSION = YES;
				CLANG_WARN_OBJC_IMPLICIT_RETAIN_SELF = YES;
				CLANG_WARN_OBJC_LITERAL_CONVERSION = YES;
				CLANG_WARN_OBJC_ROOT_CLASS = YES_ERROR;
				CLANG_WARN_QUOTED_INCLUDE_IN_FRAMEWORK_HEADER = YES;
				CLANG_WARN_RANGE_LOOP_ANALYSIS = YES;
				CLANG_WARN_STRICT_PROTOTYPES = YES;
				CLANG_WARN_SUSPICIOUS_MOVE = YES;
				CLANG_WARN_UNGUARDED_AVAILABILITY = YES_AGGRESSIVE;
				CLANG_WARN_UNREACHABLE_CODE = YES;
				CLANG_WARN__DUPLICATE_METHOD_MATCH = YES;
				COPY_PHASE_STRIP = NO;
				DEBUG_INFORMATION_FORMAT = dwarf;
				ENABLE_STRICT_OBJC_MSGSEND = YES;
				ENABLE_TESTABILITY = YES;
				GCC_C_LANGUAGE_STANDARD = gnu11;
				GCC_DYNAMIC_NO_PIC = NO;
				GCC_NO_COMMON_BLOCKS = YES;
				GCC_OPTIMIZATION_LEVEL = 0;
				GCC_PREPROCESSOR_DEFINITIONS = (
					"DEBUG=1",
					"$(inherited)",
				);
				GCC_WARN_64_TO_32_BIT_CONVERSION = YES;
				GCC_WARN_ABOUT_RETURN_TYPE = YES_ERROR;
				GCC_WARN_UNDECLARED_SELECTOR = YES;
				GCC_WARN_UNINITIALIZED_AUTOS = YES_AGGRESSIVE;
				GCC_WARN_UNUSED_FUNCTION = YES;
				GCC_WARN_UNUSED_VARIABLE = YES;
				IPHONEOS_DEPLOYMENT_TARGET = 15.5;
				MTL_ENABLE_DEBUG_INFO = INCLUDE_SOURCE;
				MTL_FAST_MATH = YES;
				ONLY_ACTIVE_ARCH = YES;
				SDKROOT = iphoneos;
				SWIFT_ACTIVE_COMPILATION_CONDITIONS = DEBUG;
				SWIFT_OPTIMIZATION_LEVEL = "-Onone";
			};
			name = Debug;
		};
		1A5D31FD28FD09C200BE72D7 /* Release */ = {
			isa = XCBuildConfiguration;
			buildSettings = {
				ALWAYS_SEARCH_USER_PATHS = NO;
				CLANG_ANALYZER_NONNULL = YES;
				CLANG_ANALYZER_NUMBER_OBJECT_CONVERSION = YES_AGGRESSIVE;
				CLANG_CXX_LANGUAGE_STANDARD = "gnu++17";
				CLANG_ENABLE_MODULES = YES;
				CLANG_ENABLE_OBJC_ARC = YES;
				CLANG_ENABLE_OBJC_WEAK = YES;
				CLANG_WARN_BLOCK_CAPTURE_AUTORELEASING = YES;
				CLANG_WARN_BOOL_CONVERSION = YES;
				CLANG_WARN_COMMA = YES;
				CLANG_WARN_CONSTANT_CONVERSION = YES;
				CLANG_WARN_DEPRECATED_OBJC_IMPLEMENTATIONS = YES;
				CLANG_WARN_DIRECT_OBJC_ISA_USAGE = YES_ERROR;
				CLANG_WARN_DOCUMENTATION_COMMENTS = YES;
				CLANG_WARN_EMPTY_BODY = YES;
				CLANG_WARN_ENUM_CONVERSION = YES;
				CLANG_WARN_INFINITE_RECURSION = YES;
				CLANG_WARN_INT_CONVERSION = YES;
				CLANG_WARN_NON_LITERAL_NULL_CONVERSION = YES;
				CLANG_WARN_OBJC_IMPLICIT_RETAIN_SELF = YES;
				CLANG_WARN_OBJC_LITERAL_CONVERSION = YES;
				CLANG_WARN_OBJC_ROOT_CLASS = YES_ERROR;
				CLANG_WARN_QUOTED_INCLUDE_IN_FRAMEWORK_HEADER = YES;
				CLANG_WARN_RANGE_LOOP_ANALYSIS = YES;
				CLANG_WARN_STRICT_PROTOTYPES = YES;
				CLANG_WARN_SUSPICIOUS_MOVE = YES;
				CLANG_WARN_UNGUARDED_AVAILABILITY = YES_AGGRESSIVE;
				CLANG_WARN_UNREACHABLE_CODE = YES;
				CLANG_WARN__DUPLICATE_METHOD_MATCH = YES;
				COPY_PHASE_STRIP = NO;
				DEBUG_INFORMATION_FORMAT = "dwarf-with-dsym";
				ENABLE_NS_ASSERTIONS = NO;
				ENABLE_STRICT_OBJC_MSGSEND = YES;
				GCC_C_LANGUAGE_STANDARD = gnu11;
				GCC_NO_COMMON_BLOCKS = YES;
				GCC_WARN_64_TO_32_BIT_CONVERSION = YES;
				GCC_WARN_ABOUT_RETURN_TYPE = YES_ERROR;
				GCC_WARN_UNDECLARED_SELECTOR = YES;
				GCC_WARN_UNINITIALIZED_AUTOS = YES_AGGRESSIVE;
				GCC_WARN_UNUSED_FUNCTION = YES;
				GCC_WARN_UNUSED_VARIABLE = YES;
				IPHONEOS_DEPLOYMENT_TARGET = 15.5;
				MTL_ENABLE_DEBUG_INFO = NO;
				MTL_FAST_MATH = YES;
				SDKROOT = iphoneos;
				SWIFT_COMPILATION_MODE = wholemodule;
				SWIFT_OPTIMIZATION_LEVEL = "-O";
				VALIDATE_PRODUCT = YES;
			};
			name = Release;
		};
		1A5D31FF28FD09C200BE72D7 /* Debug */ = {
			isa = XCBuildConfiguration;
			baseConfigurationReference = 8C8CED24429C7F77A1DC1D8B /* Pods-nexflix-clone.debug.xcconfig */;
			buildSettings = {
				ASSETCATALOG_COMPILER_APPICON_NAME = AppIcon;
				ASSETCATALOG_COMPILER_GLOBAL_ACCENT_COLOR_NAME = AccentColor;
				CODE_SIGN_STYLE = Automatic;
				CURRENT_PROJECT_VERSION = 1;
				DEVELOPMENT_TEAM = YA5HXFT63V;
				GENERATE_INFOPLIST_FILE = YES;
				INFOPLIST_FILE = "nexflix-clone/Info.plist";
				INFOPLIST_KEY_UIApplicationSupportsIndirectInputEvents = YES;
				INFOPLIST_KEY_UILaunchStoryboardName = LaunchScreen;
				INFOPLIST_KEY_UISupportedInterfaceOrientations_iPad = "UIInterfaceOrientationPortrait UIInterfaceOrientationPortraitUpsideDown UIInterfaceOrientationLandscapeLeft UIInterfaceOrientationLandscapeRight";
				INFOPLIST_KEY_UISupportedInterfaceOrientations_iPhone = "UIInterfaceOrientationPortrait UIInterfaceOrientationLandscapeLeft UIInterfaceOrientationLandscapeRight";
				LD_RUNPATH_SEARCH_PATHS = (
					"$(inherited)",
					"@executable_path/Frameworks",
				);
				MARKETING_VERSION = 1.0;
				PRODUCT_BUNDLE_IDENTIFIER = "sho.nexflix-clone";
				PRODUCT_NAME = "$(TARGET_NAME)";
				SWIFT_EMIT_LOC_STRINGS = YES;
				SWIFT_VERSION = 5.0;
				TARGETED_DEVICE_FAMILY = "1,2";
			};
			name = Debug;
		};
		1A5D320028FD09C200BE72D7 /* Release */ = {
			isa = XCBuildConfiguration;
			baseConfigurationReference = B923E2D063691F2F1F4F2EDA /* Pods-nexflix-clone.release.xcconfig */;
			buildSettings = {
				ASSETCATALOG_COMPILER_APPICON_NAME = AppIcon;
				ASSETCATALOG_COMPILER_GLOBAL_ACCENT_COLOR_NAME = AccentColor;
				CODE_SIGN_STYLE = Automatic;
				CURRENT_PROJECT_VERSION = 1;
				DEVELOPMENT_TEAM = YA5HXFT63V;
				GENERATE_INFOPLIST_FILE = YES;
				INFOPLIST_FILE = "nexflix-clone/Info.plist";
				INFOPLIST_KEY_UIApplicationSupportsIndirectInputEvents = YES;
				INFOPLIST_KEY_UILaunchStoryboardName = LaunchScreen;
				INFOPLIST_KEY_UISupportedInterfaceOrientations_iPad = "UIInterfaceOrientationPortrait UIInterfaceOrientationPortraitUpsideDown UIInterfaceOrientationLandscapeLeft UIInterfaceOrientationLandscapeRight";
				INFOPLIST_KEY_UISupportedInterfaceOrientations_iPhone = "UIInterfaceOrientationPortrait UIInterfaceOrientationLandscapeLeft UIInterfaceOrientationLandscapeRight";
				LD_RUNPATH_SEARCH_PATHS = (
					"$(inherited)",
					"@executable_path/Frameworks",
				);
				MARKETING_VERSION = 1.0;
				PRODUCT_BUNDLE_IDENTIFIER = "sho.nexflix-clone";
				PRODUCT_NAME = "$(TARGET_NAME)";
				SWIFT_EMIT_LOC_STRINGS = YES;
				SWIFT_VERSION = 5.0;
				TARGETED_DEVICE_FAMILY = "1,2";
			};
			name = Release;
		};
		1A5D320228FD09C200BE72D7 /* Debug */ = {
			isa = XCBuildConfiguration;
			baseConfigurationReference = F476509FBDA6DE29A8CBA361 /* Pods-nexflix-cloneTests.debug.xcconfig */;
			buildSettings = {
				ALWAYS_EMBED_SWIFT_STANDARD_LIBRARIES = YES;
				BUNDLE_LOADER = "$(TEST_HOST)";
				CODE_SIGN_STYLE = Automatic;
				CURRENT_PROJECT_VERSION = 1;
				DEVELOPMENT_TEAM = YA5HXFT63V;
				GENERATE_INFOPLIST_FILE = YES;
				IPHONEOS_DEPLOYMENT_TARGET = 15.5;
				MARKETING_VERSION = 1.0;
				PRODUCT_BUNDLE_IDENTIFIER = "sho.nexflix-cloneTests";
				PRODUCT_NAME = "$(TARGET_NAME)";
				SWIFT_EMIT_LOC_STRINGS = NO;
				SWIFT_VERSION = 5.0;
				TARGETED_DEVICE_FAMILY = "1,2";
				TEST_HOST = "$(BUILT_PRODUCTS_DIR)/nexflix-clone.app/nexflix-clone";
			};
			name = Debug;
		};
		1A5D320328FD09C200BE72D7 /* Release */ = {
			isa = XCBuildConfiguration;
			baseConfigurationReference = D8C1CC86ACA157249FFA5F35 /* Pods-nexflix-cloneTests.release.xcconfig */;
			buildSettings = {
				ALWAYS_EMBED_SWIFT_STANDARD_LIBRARIES = YES;
				BUNDLE_LOADER = "$(TEST_HOST)";
				CODE_SIGN_STYLE = Automatic;
				CURRENT_PROJECT_VERSION = 1;
				DEVELOPMENT_TEAM = YA5HXFT63V;
				GENERATE_INFOPLIST_FILE = YES;
				IPHONEOS_DEPLOYMENT_TARGET = 15.5;
				MARKETING_VERSION = 1.0;
				PRODUCT_BUNDLE_IDENTIFIER = "sho.nexflix-cloneTests";
				PRODUCT_NAME = "$(TARGET_NAME)";
				SWIFT_EMIT_LOC_STRINGS = NO;
				SWIFT_VERSION = 5.0;
				TARGETED_DEVICE_FAMILY = "1,2";
				TEST_HOST = "$(BUILT_PRODUCTS_DIR)/nexflix-clone.app/nexflix-clone";
			};
			name = Release;
		};
		1A5D320528FD09C200BE72D7 /* Debug */ = {
			isa = XCBuildConfiguration;
			baseConfigurationReference = E615D7D9F715B4F79583B5AB /* Pods-nexflix-clone-nexflix-cloneUITests.debug.xcconfig */;
			buildSettings = {
				ALWAYS_EMBED_SWIFT_STANDARD_LIBRARIES = YES;
				CODE_SIGN_STYLE = Automatic;
				CURRENT_PROJECT_VERSION = 1;
				DEVELOPMENT_TEAM = YA5HXFT63V;
				GENERATE_INFOPLIST_FILE = YES;
				MARKETING_VERSION = 1.0;
				PRODUCT_BUNDLE_IDENTIFIER = "sho.nexflix-cloneUITests";
				PRODUCT_NAME = "$(TARGET_NAME)";
				SWIFT_EMIT_LOC_STRINGS = NO;
				SWIFT_VERSION = 5.0;
				TARGETED_DEVICE_FAMILY = "1,2";
				TEST_TARGET_NAME = "nexflix-clone";
			};
			name = Debug;
		};
		1A5D320628FD09C200BE72D7 /* Release */ = {
			isa = XCBuildConfiguration;
			baseConfigurationReference = F580C61BD5DC4804C06A0579 /* Pods-nexflix-clone-nexflix-cloneUITests.release.xcconfig */;
			buildSettings = {
				ALWAYS_EMBED_SWIFT_STANDARD_LIBRARIES = YES;
				CODE_SIGN_STYLE = Automatic;
				CURRENT_PROJECT_VERSION = 1;
				DEVELOPMENT_TEAM = YA5HXFT63V;
				GENERATE_INFOPLIST_FILE = YES;
				MARKETING_VERSION = 1.0;
				PRODUCT_BUNDLE_IDENTIFIER = "sho.nexflix-cloneUITests";
				PRODUCT_NAME = "$(TARGET_NAME)";
				SWIFT_EMIT_LOC_STRINGS = NO;
				SWIFT_VERSION = 5.0;
				TARGETED_DEVICE_FAMILY = "1,2";
				TEST_TARGET_NAME = "nexflix-clone";
			};
			name = Release;
		};
/* End XCBuildConfiguration section */

/* Begin XCConfigurationList section */
		1A5D31CF28FD09BE00BE72D7 /* Build configuration list for PBXProject "nexflix-clone" */ = {
			isa = XCConfigurationList;
			buildConfigurations = (
				1A5D31FC28FD09C200BE72D7 /* Debug */,
				1A5D31FD28FD09C200BE72D7 /* Release */,
			);
			defaultConfigurationIsVisible = 0;
			defaultConfigurationName = Release;
		};
		1A5D31FE28FD09C200BE72D7 /* Build configuration list for PBXNativeTarget "nexflix-clone" */ = {
			isa = XCConfigurationList;
			buildConfigurations = (
				1A5D31FF28FD09C200BE72D7 /* Debug */,
				1A5D320028FD09C200BE72D7 /* Release */,
			);
			defaultConfigurationIsVisible = 0;
			defaultConfigurationName = Release;
		};
		1A5D320128FD09C200BE72D7 /* Build configuration list for PBXNativeTarget "nexflix-cloneTests" */ = {
			isa = XCConfigurationList;
			buildConfigurations = (
				1A5D320228FD09C200BE72D7 /* Debug */,
				1A5D320328FD09C200BE72D7 /* Release */,
			);
			defaultConfigurationIsVisible = 0;
			defaultConfigurationName = Release;
		};
		1A5D320428FD09C200BE72D7 /* Build configuration list for PBXNativeTarget "nexflix-cloneUITests" */ = {
			isa = XCConfigurationList;
			buildConfigurations = (
				1A5D320528FD09C200BE72D7 /* Debug */,
				1A5D320628FD09C200BE72D7 /* Release */,
			);
			defaultConfigurationIsVisible = 0;
			defaultConfigurationName = Release;
		};
/* End XCConfigurationList section */
	};
	rootObject = 1A5D31CC28FD09BE00BE72D7 /* Project object */;
}
